
Microsoft Visual Studio Solution File, Format Version 11.00
# Visual Basic Express 2010
Project("{F184B08F-C81C-45F6-A57F-5ABD9991F28F}") = "GUI", "GUI\GUI.vbproj", "{A8C0478C-F836-47ED-A841-AE27468FF85B}"
EndProject
Project("{F184B08F-C81C-45F6-A57F-5ABD9991F28F}") = "BackEnd", "BackEnd\BackEnd.vbproj", "{4E764E0D-2D81-471C-AFEB-D34D059151B1}"
EndProject
Global
	GlobalSection(SolutionConfigurationPlatforms) = preSolution
		Debug|Any CPU = Debug|Any CPU
		Release|Any CPU = Release|Any CPU
	EndGlobalSection
	GlobalSection(ProjectConfigurationPlatforms) = postSolution
		{A8C0478C-F836-47ED-A841-AE27468FF85B}.Debug|Any CPU.ActiveCfg = Release|Any CPU
		{A8C0478C-F836-47ED-A841-AE27468FF85B}.Debug|Any CPU.Build.0 = Release|Any CPU
		{A8C0478C-F836-47ED-A841-AE27468FF85B}.Release|Any CPU.ActiveCfg = Release|Any CPU
		{A8C0478C-F836-47ED-A841-AE27468FF85B}.Release|Any CPU.Build.0 = Release|Any CPU
		{4E764E0D-2D81-471C-AFEB-D34D059151B1}.Debug|Any CPU.ActiveCfg = Release|Any CPU
		{4E764E0D-2D81-471C-AFEB-D34D059151B1}.Debug|Any CPU.Build.0 = Release|Any CPU
		{4E764E0D-2D81-471C-AFEB-D34D059151B1}.Release|Any CPU.ActiveCfg = Release|Any CPU
		{4E764E0D-2D81-471C-AFEB-D34D059151B1}.Release|Any CPU.Build.0 = Release|Any CPU
	EndGlobalSection
	GlobalSection(SolutionProperties) = preSolution
		HideSolutionNode = FALSE
	EndGlobalSection
EndGlobal
